// !$*UTF8*$!
{
	archiveVersion = 1;
	classes = {
	};
	objectVersion = 46;
	objects = {

/* Begin PBXBuildFile section */
		1F3E4B2518A6CFC50080249A /* Foundation.framework in Frameworks */ = {isa = PBXBuildFile; fileRef = 1F3E4B2418A6CFC50080249A /* Foundation.framework */; };
		1F3E4B2718A6CFC50080249A /* CoreGraphics.framework in Frameworks */ = {isa = PBXBuildFile; fileRef = 1F3E4B2618A6CFC50080249A /* CoreGraphics.framework */; };
		1F3E4B2918A6CFC50080249A /* UIKit.framework in Frameworks */ = {isa = PBXBuildFile; fileRef = 1F3E4B2818A6CFC50080249A /* UIKit.framework */; };
		1F3E4B2F18A6CFC50080249A /* InfoPlist.strings in Resources */ = {isa = PBXBuildFile; fileRef = 1F3E4B2D18A6CFC50080249A /* InfoPlist.strings */; };
		1F3E4B3118A6CFC50080249A /* main.m in Sources */ = {isa = PBXBuildFile; fileRef = 1F3E4B3018A6CFC50080249A /* main.m */; };
		1F3E4B3518A6CFC50080249A /* MyAppDelegate.m in Sources */ = {isa = PBXBuildFile; fileRef = 1F3E4B3418A6CFC50080249A /* MyAppDelegate.m */; };
		1F3E4B3818A6CFC50080249A /* Main.storyboard in Resources */ = {isa = PBXBuildFile; fileRef = 1F3E4B3618A6CFC50080249A /* Main.storyboard */; };
		1F3E4B3B18A6CFC50080249A /* MyViewController.m in Sources */ = {isa = PBXBuildFile; fileRef = 1F3E4B3A18A6CFC50080249A /* MyViewController.m */; };
		1F3E4B3D18A6CFC50080249A /* Images.xcassets in Resources */ = {isa = PBXBuildFile; fileRef = 1F3E4B3C18A6CFC50080249A /* Images.xcassets */; };
		1F3E4B4418A6CFC50080249A /* XCTest.framework in Frameworks */ = {isa = PBXBuildFile; fileRef = 1F3E4B4318A6CFC50080249A /* XCTest.framework */; };
		1F3E4B4518A6CFC50080249A /* Foundation.framework in Frameworks */ = {isa = PBXBuildFile; fileRef = 1F3E4B2418A6CFC50080249A /* Foundation.framework */; };
		1F3E4B4618A6CFC50080249A /* UIKit.framework in Frameworks */ = {isa = PBXBuildFile; fileRef = 1F3E4B2818A6CFC50080249A /* UIKit.framework */; };
		1F3E4B4E18A6CFC50080249A /* InfoPlist.strings in Resources */ = {isa = PBXBuildFile; fileRef = 1F3E4B4C18A6CFC50080249A /* InfoPlist.strings */; };
		1F3E4B5018A6CFC50080249A /* TestTests.m in Sources */ = {isa = PBXBuildFile; fileRef = 1F3E4B4F18A6CFC50080249A /* TestTests.m */; };
/* End PBXBuildFile section */

/* Begin PBXContainerItemProxy section */
		1F3E4B4718A6CFC50080249A /* PBXContainerItemProxy */ = {
			isa = PBXContainerItemProxy;
			containerPortal = 1F3E4B1918A6CFC50080249A /* Project object */;
			proxyType = 1;
			remoteGlobalIDString = 1F3E4B2018A6CFC50080249A;
			remoteInfo = Test;
		};
/* End PBXContainerItemProxy section */

/* Begin PBXFileReference section */
		1F3E4B2118A6CFC50080249A /* Test.app */ = {isa = PBXFileReference; explicitFileType = wrapper.application; includeInIndex = 0; path = Test.app; sourceTree = BUILT_PRODUCTS_DIR; };
		1F3E4B2418A6CFC50080249A /* Foundation.framework */ = {isa = PBXFileReference; lastKnownFileType = wrapper.framework; name = Foundation.framework; path = System/Library/Frameworks/Foundation.framework; sourceTree = SDKROOT; };
		1F3E4B2618A6CFC50080249A /* CoreGraphics.framework */ = {isa = PBXFileReference; lastKnownFileType = wrapper.framework; name = CoreGraphics.framework; path = System/Library/Frameworks/CoreGraphics.framework; sourceTree = SDKROOT; };
		1F3E4B2818A6CFC50080249A /* UIKit.framework */ = {isa = PBXFileReference; lastKnownFileType = wrapper.framework; name = UIKit.framework; path = System/Library/Frameworks/UIKit.framework; sourceTree = SDKROOT; };
		1F3E4B2C18A6CFC50080249A /* Test-Info.plist */ = {isa = PBXFileReference; lastKnownFileType = text.plist.xml; path = "Test-Info.plist"; sourceTree = "<group>"; };
		1F3E4B2E18A6CFC50080249A /* en */ = {isa = PBXFileReference; lastKnownFileType = text.plist.strings; name = en; path = en.lproj/InfoPlist.strings; sourceTree = "<group>"; };
		1F3E4B3018A6CFC50080249A /* main.m */ = {isa = PBXFileReference; lastKnownFileType = sourcecode.c.objc; path = main.m; sourceTree = "<group>"; };
		1F3E4B3218A6CFC50080249A /* Test-Prefix.pch */ = {isa = PBXFileReference; lastKnownFileType = sourcecode.c.h; path = "Test-Prefix.pch"; sourceTree = "<group>"; };
		1F3E4B3318A6CFC50080249A /* MyAppDelegate.h */ = {isa = PBXFileReference; lastKnownFileType = sourcecode.c.h; path = MyAppDelegate.h; sourceTree = "<group>"; };
		1F3E4B3418A6CFC50080249A /* MyAppDelegate.m */ = {isa = PBXFileReference; lastKnownFileType = sourcecode.c.objc; path = MyAppDelegate.m; sourceTree = "<group>"; };
		1F3E4B3718A6CFC50080249A /* Base */ = {isa = PBXFileReference; lastKnownFileType = file.storyboard; name = Base; path = Base.lproj/Main.storyboard; sourceTree = "<group>"; };
		1F3E4B3918A6CFC50080249A /* MyViewController.h */ = {isa = PBXFileReference; lastKnownFileType = sourcecode.c.h; path = MyViewController.h; sourceTree = "<group>"; };
		1F3E4B3A18A6CFC50080249A /* MyViewController.m */ = {isa = PBXFileReference; lastKnownFileType = sourcecode.c.objc; path = MyViewController.m; sourceTree = "<group>"; };
		1F3E4B3C18A6CFC50080249A /* Images.xcassets */ = {isa = PBXFileReference; lastKnownFileType = folder.assetcatalog; path = Images.xcassets; sourceTree = "<group>"; };
		1F3E4B4218A6CFC50080249A /* TestTests.xctest */ = {isa = PBXFileReference; explicitFileType = wrapper.cfbundle; includeInIndex = 0; path = TestTests.xctest; sourceTree = BUILT_PRODUCTS_DIR; };
		1F3E4B4318A6CFC50080249A /* XCTest.framework */ = {isa = PBXFileReference; lastKnownFileType = wrapper.framework; name = XCTest.framework; path = Library/Frameworks/XCTest.framework; sourceTree = DEVELOPER_DIR; };
		1F3E4B4B18A6CFC50080249A /* TestTests-Info.plist */ = {isa = PBXFileReference; lastKnownFileType = text.plist.xml; path = "TestTests-Info.plist"; sourceTree = "<group>"; };
		1F3E4B4D18A6CFC50080249A /* en */ = {isa = PBXFileReference; lastKnownFileType = text.plist.strings; name = en; path = en.lproj/InfoPlist.strings; sourceTree = "<group>"; };
		1F3E4B4F18A6CFC50080249A /* TestTests.m */ = {isa = PBXFileReference; lastKnownFileType = sourcecode.c.objc; path = TestTests.m; sourceTree = "<group>"; };
/* End PBXFileReference section */

/* Begin PBXFrameworksBuildPhase section */
		1F3E4B1E18A6CFC50080249A /* Frameworks */ = {
			isa = PBXFrameworksBuildPhase;
			buildActionMask = 2147483647;
			files = (
				1F3E4B2718A6CFC50080249A /* CoreGraphics.framework in Frameworks */,
				1F3E4B2918A6CFC50080249A /* UIKit.framework in Frameworks */,
				1F3E4B2518A6CFC50080249A /* Foundation.framework in Frameworks */,
			);
			runOnlyForDeploymentPostprocessing = 0;
		};
		1F3E4B3F18A6CFC50080249A /* Frameworks */ = {
			isa = PBXFrameworksBuildPhase;
			buildActionMask = 2147483647;
			files = (
				1F3E4B4418A6CFC50080249A /* XCTest.framework in Frameworks */,
				1F3E4B4618A6CFC50080249A /* UIKit.framework in Frameworks */,
				1F3E4B4518A6CFC50080249A /* Foundation.framework in Frameworks */,
			);
			runOnlyForDeploymentPostprocessing = 0;
		};
/* End PBXFrameworksBuildPhase section */

/* Begin PBXGroup section */
		1F3E4B1818A6CFC50080249A = {
			isa = PBXGroup;
			children = (
				1F3E4B2A18A6CFC50080249A /* Test */,
				1F3E4B4918A6CFC50080249A /* TestTests */,
				1F3E4B2318A6CFC50080249A /* Frameworks */,
				1F3E4B2218A6CFC50080249A /* Products */,
			);
			sourceTree = "<group>";
		};
		1F3E4B2218A6CFC50080249A /* Products */ = {
			isa = PBXGroup;
			children = (
				1F3E4B2118A6CFC50080249A /* Test.app */,
				1F3E4B4218A6CFC50080249A /* TestTests.xctest */,
			);
			name = Products;
			sourceTree = "<group>";
		};
		1F3E4B2318A6CFC50080249A /* Frameworks */ = {
			isa = PBXGroup;
			children = (
				1F3E4B2418A6CFC50080249A /* Foundation.framework */,
				1F3E4B2618A6CFC50080249A /* CoreGraphics.framework */,
				1F3E4B2818A6CFC50080249A /* UIKit.framework */,
				1F3E4B4318A6CFC50080249A /* XCTest.framework */,
			);
			name = Frameworks;
			sourceTree = "<group>";
		};
		1F3E4B2A18A6CFC50080249A /* Test */ = {
			isa = PBXGroup;
			children = (
				1F3E4B3318A6CFC50080249A /* MyAppDelegate.h */,
				1F3E4B3418A6CFC50080249A /* MyAppDelegate.m */,
				1F3E4B3618A6CFC50080249A /* Main.storyboard */,
				1F3E4B3918A6CFC50080249A /* MyViewController.h */,
				1F3E4B3A18A6CFC50080249A /* MyViewController.m */,
				1F3E4B3C18A6CFC50080249A /* Images.xcassets */,
				1F3E4B2B18A6CFC50080249A /* Supporting Files */,
			);
			path = Test;
			sourceTree = "<group>";
		};
		1F3E4B2B18A6CFC50080249A /* Supporting Files */ = {
			isa = PBXGroup;
			children = (
				1F3E4B2C18A6CFC50080249A /* Test-Info.plist */,
				1F3E4B2D18A6CFC50080249A /* InfoPlist.strings */,
				1F3E4B3018A6CFC50080249A /* main.m */,
				1F3E4B3218A6CFC50080249A /* Test-Prefix.pch */,
			);
			name = "Supporting Files";
			sourceTree = "<group>";
		};
		1F3E4B4918A6CFC50080249A /* TestTests */ = {
			isa = PBXGroup;
			children = (
				1F3E4B4F18A6CFC50080249A /* TestTests.m */,
				1F3E4B4A18A6CFC50080249A /* Supporting Files */,
			);
			path = TestTests;
			sourceTree = "<group>";
		};
		1F3E4B4A18A6CFC50080249A /* Supporting Files */ = {
			isa = PBXGroup;
			children = (
				1F3E4B4B18A6CFC50080249A /* TestTests-Info.plist */,
				1F3E4B4C18A6CFC50080249A /* InfoPlist.strings */,
			);
			name = "Supporting Files";
			sourceTree = "<group>";
		};
/* End PBXGroup section */

/* Begin PBXNativeTarget section */
		1F3E4B2018A6CFC50080249A /* Test */ = {
			isa = PBXNativeTarget;
			buildConfigurationList = 1F3E4B5318A6CFC50080249A /* Build configuration list for PBXNativeTarget "Test" */;
			buildPhases = (
				1F3E4B1D18A6CFC50080249A /* Sources */,
				1F3E4B1E18A6CFC50080249A /* Frameworks */,
				1F3E4B1F18A6CFC50080249A /* Resources */,
			);
			buildRules = (
			);
			dependencies = (
			);
			name = Test;
			productName = Test;
			productReference = 1F3E4B2118A6CFC50080249A /* Test.app */;
			productType = "com.apple.product-type.application";
		};
		1F3E4B4118A6CFC50080249A /* TestTests */ = {
			isa = PBXNativeTarget;
			buildConfigurationList = 1F3E4B5618A6CFC50080249A /* Build configuration list for PBXNativeTarget "TestTests" */;
			buildPhases = (
				1F3E4B3E18A6CFC50080249A /* Sources */,
				1F3E4B3F18A6CFC50080249A /* Frameworks */,
				1F3E4B4018A6CFC50080249A /* Resources */,
			);
			buildRules = (
			);
			dependencies = (
				1F3E4B4818A6CFC50080249A /* PBXTargetDependency */,
			);
			name = TestTests;
			productName = TestTests;
			productReference = 1F3E4B4218A6CFC50080249A /* TestTests.xctest */;
			productType = "com.apple.product-type.bundle.unit-test";
		};
/* End PBXNativeTarget section */

/* Begin PBXProject section */
		1F3E4B1918A6CFC50080249A /* Project object */ = {
			isa = PBXProject;
			attributes = {
				CLASSPREFIX = My;
				LastUpgradeCheck = 0500;
				ORGANIZATIONNAME = "Hector Curi";
				TargetAttributes = {
					1F3E4B4118A6CFC50080249A = {
						TestTargetID = 1F3E4B2018A6CFC50080249A;
					};
				};
			};
			buildConfigurationList = 1F3E4B1C18A6CFC50080249A /* Build configuration list for PBXProject "Test" */;
			compatibilityVersion = "Xcode 3.2";
			developmentRegion = English;
			hasScannedForEncodings = 0;
			knownRegions = (
				en,
				Base,
			);
			mainGroup = 1F3E4B1818A6CFC50080249A;
			productRefGroup = 1F3E4B2218A6CFC50080249A /* Products */;
			projectDirPath = "";
			projectRoot = "";
			targets = (
				1F3E4B2018A6CFC50080249A /* Test */,
				1F3E4B4118A6CFC50080249A /* TestTests */,
			);
		};
/* End PBXProject section */

/* Begin PBXResourcesBuildPhase section */
		1F3E4B1F18A6CFC50080249A /* Resources */ = {
			isa = PBXResourcesBuildPhase;
			buildActionMask = 2147483647;
			files = (
				1F3E4B3D18A6CFC50080249A /* Images.xcassets in Resources */,
				1F3E4B2F18A6CFC50080249A /* InfoPlist.strings in Resources */,
				1F3E4B3818A6CFC50080249A /* Main.storyboard in Resources */,
			);
			runOnlyForDeploymentPostprocessing = 0;
		};
		1F3E4B4018A6CFC50080249A /* Resources */ = {
			isa = PBXResourcesBuildPhase;
			buildActionMask = 2147483647;
			files = (
				1F3E4B4E18A6CFC50080249A /* InfoPlist.strings in Resources */,
			);
			runOnlyForDeploymentPostprocessing = 0;
		};
/* End PBXResourcesBuildPhase section */

/* Begin PBXSourcesBuildPhase section */
		1F3E4B1D18A6CFC50080249A /* Sources */ = {
			isa = PBXSourcesBuildPhase;
			buildActionMask = 2147483647;
			files = (
				1F3E4B3B18A6CFC50080249A /* MyViewController.m in Sources */,
				1F3E4B3518A6CFC50080249A /* MyAppDelegate.m in Sources */,
				1F3E4B3118A6CFC50080249A /* main.m in Sources */,
			);
			runOnlyForDeploymentPostprocessing = 0;
		};
		1F3E4B3E18A6CFC50080249A /* Sources */ = {
			isa = PBXSourcesBuildPhase;
			buildActionMask = 2147483647;
			files = (
				1F3E4B5018A6CFC50080249A /* TestTests.m in Sources */,
			);
			runOnlyForDeploymentPostprocessing = 0;
		};
/* End PBXSourcesBuildPhase section */

/* Begin PBXTargetDependency section */
		1F3E4B4818A6CFC50080249A /* PBXTargetDependency */ = {
			isa = PBXTargetDependency;
			target = 1F3E4B2018A6CFC50080249A /* Test */;
			targetProxy = 1F3E4B4718A6CFC50080249A /* PBXContainerItemProxy */;
		};
/* End PBXTargetDependency section */

/* Begin PBXVariantGroup section */
		1F3E4B2D18A6CFC50080249A /* InfoPlist.strings */ = {
			isa = PBXVariantGroup;
			children = (
				1F3E4B2E18A6CFC50080249A /* en */,
			);
			name = InfoPlist.strings;
			sourceTree = "<group>";
		};
		1F3E4B3618A6CFC50080249A /* Main.storyboard */ = {
			isa = PBXVariantGroup;
			children = (
				1F3E4B3718A6CFC50080249A /* Base */,
			);
			name = Main.storyboard;
			sourceTree = "<group>";
		};
		1F3E4B4C18A6CFC50080249A /* InfoPlist.strings */ = {
			isa = PBXVariantGroup;
			children = (
				1F3E4B4D18A6CFC50080249A /* en */,
			);
			name = InfoPlist.strings;
			sourceTree = "<group>";
		};
/* End PBXVariantGroup section */

/* Begin XCBuildConfiguration section */
		1F3E4B5118A6CFC50080249A /* Debug */ = {
			isa = XCBuildConfiguration;
			buildSettings = {
				ALWAYS_SEARCH_USER_PATHS = NO;
				ARCHS = "$(ARCHS_STANDARD_INCLUDING_64_BIT)";
				CLANG_CXX_LANGUAGE_STANDARD = "gnu++0x";
				CLANG_CXX_LIBRARY = "libc++";
				CLANG_ENABLE_MODULES = YES;
				CLANG_ENABLE_OBJC_ARC = YES;
				CLANG_WARN_BOOL_CONVERSION = YES;
				CLANG_WARN_CONSTANT_CONVERSION = YES;
				CLANG_WARN_DIRECT_OBJC_ISA_USAGE = YES_ERROR;
				CLANG_WARN_EMPTY_BODY = YES;
				CLANG_WARN_ENUM_CONVERSION = YES;
				CLANG_WARN_INT_CONVERSION = YES;
				CLANG_WARN_OBJC_ROOT_CLASS = YES_ERROR;
				CLANG_WARN__DUPLICATE_METHOD_MATCH = YES;
				"CODE_SIGN_IDENTITY[sdk=iphoneos*]" = "iPhone Developer";
				COPY_PHASE_STRIP = NO;
				GCC_C_LANGUAGE_STANDARD = gnu99;
				GCC_DYNAMIC_NO_PIC = NO;
				GCC_OPTIMIZATION_LEVEL = 0;
				GCC_PREPROCESSOR_DEFINITIONS = (
					"DEBUG=1",
					"$(inherited)",
				);
				GCC_SYMBOLS_PRIVATE_EXTERN = NO;
				GCC_WARN_64_TO_32_BIT_CONVERSION = YES;
				GCC_WARN_ABOUT_RETURN_TYPE = YES_ERROR;
				GCC_WARN_UNDECLARED_SELECTOR = YES;
				GCC_WARN_UNINITIALIZED_AUTOS = YES;
				GCC_WARN_UNUSED_FUNCTION = YES;
				GCC_WARN_UNUSED_VARIABLE = YES;
				IPHONEOS_DEPLOYMENT_TARGET = 7.0;
				ONLY_ACTIVE_ARCH = YES;
				SDKROOT = iphoneos;
			};
			name = Debug;
		};
		1F3E4B5218A6CFC50080249A /* Release */ = {
			isa = XCBuildConfiguration;
			buildSettings = {
				ALWAYS_SEARCH_USER_PATHS = NO;
				ARCHS = "$(ARCHS_STANDARD_INCLUDING_64_BIT)";
				CLANG_CXX_LANGUAGE_STANDARD = "gnu++0x";
				CLANG_CXX_LIBRARY = "libc++";
				CLANG_ENABLE_MODULES = YES;
				CLANG_ENABLE_OBJC_ARC = YES;
				CLANG_WARN_BOOL_CONVERSION = YES;
				CLANG_WARN_CONSTANT_CONVERSION = YES;
				CLANG_WARN_DIRECT_OBJC_ISA_USAGE = YES_ERROR;
				CLANG_WARN_EMPTY_BODY = YES;
				CLANG_WARN_ENUM_CONVERSION = YES;
				CLANG_WARN_INT_CONVERSION = YES;
				CLANG_WARN_OBJC_ROOT_CLASS = YES_ERROR;
				CLANG_WARN__DUPLICATE_METHOD_MATCH = YES;
				"CODE_SIGN_IDENTITY[sdk=iphoneos*]" = "iPhone Developer";
				COPY_PHASE_STRIP = YES;
				ENABLE_NS_ASSERTIONS = NO;
				GCC_C_LANGUAGE_STANDARD = gnu99;
				GCC_WARN_64_TO_32_BIT_CONVERSION = YES;
				GCC_WARN_ABOUT_RETURN_TYPE = YES_ERROR;
				GCC_WARN_UNDECLARED_SELECTOR = YES;
				GCC_WARN_UNINITIALIZED_AUTOS = YES;
				GCC_WARN_UNUSED_FUNCTION = YES;
				GCC_WARN_UNUSED_VARIABLE = YES;
				IPHONEOS_DEPLOYMENT_TARGET = 7.0;
				SDKROOT = iphoneos;
				VALIDATE_PRODUCT = YES;
			};
			name = Release;
		};
		1F3E4B5418A6CFC50080249A /* Debug */ = {
			isa = XCBuildConfiguration;
			buildSettings = {
				ASSETCATALOG_COMPILER_APPICON_NAME = AppIcon;
				ASSETCATALOG_COMPILER_LAUNCHIMAGE_NAME = LaunchImage;
				GCC_PRECOMPILE_PREFIX_HEADER = YES;
				GCC_PREFIX_HEADER = "Test/Test-Prefix.pch";
				INFOPLIST_FILE = "Test/Test-Info.plist";
				PRODUCT_NAME = "$(TARGET_NAME)";
				WRAPPER_EXTENSION = app;
			};
			name = Debug;
		};
		1F3E4B5518A6CFC50080249A /* Release */ = {
			isa = XCBuildConfiguration;
			buildSettings = {
				ASSETCATALOG_COMPILER_APPICON_NAME = AppIcon;
				ASSETCATALOG_COMPILER_LAUNCHIMAGE_NAME = LaunchImage;
				GCC_PRECOMPILE_PREFIX_HEADER = YES;
				GCC_PREFIX_HEADER = "Test/Test-Prefix.pch";
				INFOPLIST_FILE = "Test/Test-Info.plist";
				PRODUCT_NAME = "$(TARGET_NAME)";
				WRAPPER_EXTENSION = app;
			};
			name = Release;
		};
		1F3E4B5718A6CFC50080249A /* Debug */ = {
			isa = XCBuildConfiguration;
			buildSettings = {
				ARCHS = "$(ARCHS_STANDARD_INCLUDING_64_BIT)";
				BUNDLE_LOADER = "$(BUILT_PRODUCTS_DIR)/Test.app/Test";
				FRAMEWORK_SEARCH_PATHS = (
					"$(SDKROOT)/Developer/Library/Frameworks",
					"$(inherited)",
					"$(DEVELOPER_FRAMEWORKS_DIR)",
				);
				GCC_PRECOMPILE_PREFIX_HEADER = YES;
				GCC_PREFIX_HEADER = "Test/Test-Prefix.pch";
				GCC_PREPROCESSOR_DEFINITIONS = (
					"DEBUG=1",
					"$(inherited)",
				);
				INFOPLIST_FILE = "TestTests/TestTests-Info.plist";
				PRODUCT_NAME = "$(TARGET_NAME)";
				TEST_HOST = "$(BUNDLE_LOADER)";
				WRAPPER_EXTENSION = xctest;
			};
			name = Debug;
		};
		1F3E4B5818A6CFC50080249A /* Release */ = {
			isa = XCBuildConfiguration;
			buildSettings = {
				ARCHS = "$(ARCHS_STANDARD_INCLUDING_64_BIT)";
				BUNDLE_LOADER = "$(BUILT_PRODUCTS_DIR)/Test.app/Test";
				FRAMEWORK_SEARCH_PATHS = (
					"$(SDKROOT)/Developer/Library/Frameworks",
					"$(inherited)",
					"$(DEVELOPER_FRAMEWORKS_DIR)",
				);
				GCC_PRECOMPILE_PREFIX_HEADER = YES;
				GCC_PREFIX_HEADER = "Test/Test-Prefix.pch";
				INFOPLIST_FILE = "TestTests/TestTests-Info.plist";
				PRODUCT_NAME = "$(TARGET_NAME)";
				TEST_HOST = "$(BUNDLE_LOADER)";
				WRAPPER_EXTENSION = xctest;
			};
			name = Release;
		};
/* End XCBuildConfiguration section */

/* Begin XCConfigurationList section */
		1F3E4B1C18A6CFC50080249A /* Build configuration list for PBXProject "Test" */ = {
			isa = XCConfigurationList;
			buildConfigurations = (
				1F3E4B5118A6CFC50080249A /* Debug */,
				1F3E4B5218A6CFC50080249A /* Release */,
			);
			defaultConfigurationIsVisible = 0;
			defaultConfigurationName = Release;
		};
		1F3E4B5318A6CFC50080249A /* Build configuration list for PBXNativeTarget "Test" */ = {
			isa = XCConfigurationList;
			buildConfigurations = (
				1F3E4B5418A6CFC50080249A /* Debug */,
				1F3E4B5518A6CFC50080249A /* Release */,
			);
			defaultConfigurationIsVisible = 0;
		};
		1F3E4B5618A6CFC50080249A /* Build configuration list for PBXNativeTarget "TestTests" */ = {
			isa = XCConfigurationList;
			buildConfigurations = (
				1F3E4B5718A6CFC50080249A /* Debug */,
				1F3E4B5818A6CFC50080249A /* Release */,
			);
			defaultConfigurationIsVisible = 0;
		};
/* End XCConfigurationList section */
	};
	rootObject = 1F3E4B1918A6CFC50080249A /* Project object */;
}
